// !$*UTF8*$!
{
	archiveVersion = 1;
	classes = {
	};
	objectVersion = 46;
	objects = {

/* Begin PBXBuildFile section */
		376B982C1D9C324300241D99 /* NewClientViewController.swift in Sources */ = {isa = PBXBuildFile; fileRef = 376B982B1D9C324300241D99 /* NewClientViewController.swift */; };
		37C917161D9B1A1700F69AE2 /* AppDelegate.swift in Sources */ = {isa = PBXBuildFile; fileRef = 37C917151D9B1A1700F69AE2 /* AppDelegate.swift */; };
		37C917181D9B1A1700F69AE2 /* UserViewController.swift in Sources */ = {isa = PBXBuildFile; fileRef = 37C917171D9B1A1700F69AE2 /* UserViewController.swift */; };
		37C9171A1D9B1A1700F69AE2 /* ClientViewController.swift in Sources */ = {isa = PBXBuildFile; fileRef = 37C917191D9B1A1700F69AE2 /* ClientViewController.swift */; };
		37C9171D1D9B1A1700F69AE2 /* Main.storyboard in Resources */ = {isa = PBXBuildFile; fileRef = 37C9171B1D9B1A1700F69AE2 /* Main.storyboard */; };
		37C9171F1D9B1A1700F69AE2 /* Assets.xcassets in Resources */ = {isa = PBXBuildFile; fileRef = 37C9171E1D9B1A1700F69AE2 /* Assets.xcassets */; };
		37C917221D9B1A1700F69AE2 /* LaunchScreen.storyboard in Resources */ = {isa = PBXBuildFile; fileRef = 37C917201D9B1A1700F69AE2 /* LaunchScreen.storyboard */; };
		37C9172F1D9B1F1500F69AE2 /* User.swift in Sources */ = {isa = PBXBuildFile; fileRef = 37C9172E1D9B1F1500F69AE2 /* User.swift */; };
		37C917311D9B20D100F69AE2 /* Client.swift in Sources */ = {isa = PBXBuildFile; fileRef = 37C917301D9B20D100F69AE2 /* Client.swift */; };
		37C917331D9B221100F69AE2 /* Product.swift in Sources */ = {isa = PBXBuildFile; fileRef = 37C917321D9B221100F69AE2 /* Product.swift */; };
/* End PBXBuildFile section */

/* Begin PBXFileReference section */
		376B982B1D9C324300241D99 /* NewClientViewController.swift */ = {isa = PBXFileReference; fileEncoding = 4; lastKnownFileType = sourcecode.swift; path = NewClientViewController.swift; sourceTree = "<group>"; };
		37C917121D9B1A1700F69AE2 /* B2B.app */ = {isa = PBXFileReference; explicitFileType = wrapper.application; includeInIndex = 0; path = B2B.app; sourceTree = BUILT_PRODUCTS_DIR; };
		37C917151D9B1A1700F69AE2 /* AppDelegate.swift */ = {isa = PBXFileReference; lastKnownFileType = sourcecode.swift; path = AppDelegate.swift; sourceTree = "<group>"; };
		37C917171D9B1A1700F69AE2 /* UserViewController.swift */ = {isa = PBXFileReference; lastKnownFileType = sourcecode.swift; path = UserViewController.swift; sourceTree = "<group>"; };
		37C917191D9B1A1700F69AE2 /* ClientViewController.swift */ = {isa = PBXFileReference; lastKnownFileType = sourcecode.swift; path = ClientViewController.swift; sourceTree = "<group>"; };
		37C9171C1D9B1A1700F69AE2 /* Base */ = {isa = PBXFileReference; lastKnownFileType = file.storyboard; name = Base; path = Base.lproj/Main.storyboard; sourceTree = "<group>"; };
		37C9171E1D9B1A1700F69AE2 /* Assets.xcassets */ = {isa = PBXFileReference; lastKnownFileType = folder.assetcatalog; path = Assets.xcassets; sourceTree = "<group>"; };
		37C917211D9B1A1700F69AE2 /* Base */ = {isa = PBXFileReference; lastKnownFileType = file.storyboard; name = Base; path = Base.lproj/LaunchScreen.storyboard; sourceTree = "<group>"; };
		37C917231D9B1A1700F69AE2 /* Info.plist */ = {isa = PBXFileReference; lastKnownFileType = text.plist.xml; path = Info.plist; sourceTree = "<group>"; };
		37C9172E1D9B1F1500F69AE2 /* User.swift */ = {isa = PBXFileReference; fileEncoding = 4; lastKnownFileType = sourcecode.swift; path = User.swift; sourceTree = "<group>"; };
		37C917301D9B20D100F69AE2 /* Client.swift */ = {isa = PBXFileReference; fileEncoding = 4; lastKnownFileType = sourcecode.swift; path = Client.swift; sourceTree = "<group>"; };
		37C917321D9B221100F69AE2 /* Product.swift */ = {isa = PBXFileReference; fileEncoding = 4; lastKnownFileType = sourcecode.swift; path = Product.swift; sourceTree = "<group>"; };
/* End PBXFileReference section */

/* Begin PBXFrameworksBuildPhase section */
		37C9170F1D9B1A1700F69AE2 /* Frameworks */ = {
			isa = PBXFrameworksBuildPhase;
			buildActionMask = 2147483647;
			files = (
			);
			runOnlyForDeploymentPostprocessing = 0;
		};
/* End PBXFrameworksBuildPhase section */

/* Begin PBXGroup section */
		37C917091D9B1A1700F69AE2 = {
			isa = PBXGroup;
			children = (
				37C917141D9B1A1700F69AE2 /* B2B */,
				37C917131D9B1A1700F69AE2 /* Products */,
			);
			sourceTree = "<group>";
		};
		37C917131D9B1A1700F69AE2 /* Products */ = {
			isa = PBXGroup;
			children = (
				37C917121D9B1A1700F69AE2 /* B2B.app */,
			);
			name = Products;
			sourceTree = "<group>";
		};
		37C917141D9B1A1700F69AE2 /* B2B */ = {
			isa = PBXGroup;
			children = (
				37C9172D1D9B1F1500F69AE2 /* Models */,
				37C917151D9B1A1700F69AE2 /* AppDelegate.swift */,
				37C917171D9B1A1700F69AE2 /* UserViewController.swift */,
				37C917191D9B1A1700F69AE2 /* ClientViewController.swift */,
				376B982B1D9C324300241D99 /* NewClientViewController.swift */,
				37C9171B1D9B1A1700F69AE2 /* Main.storyboard */,
				37C9171E1D9B1A1700F69AE2 /* Assets.xcassets */,
				37C917201D9B1A1700F69AE2 /* LaunchScreen.storyboard */,
				37C917231D9B1A1700F69AE2 /* Info.plist */,
			);
			path = B2B;
			sourceTree = "<group>";
		};
		37C9172D1D9B1F1500F69AE2 /* Models */ = {
			isa = PBXGroup;
			children = (
				37C9172E1D9B1F1500F69AE2 /* User.swift */,
				37C917301D9B20D100F69AE2 /* Client.swift */,
				37C917321D9B221100F69AE2 /* Product.swift */,
			);
			path = Models;
			sourceTree = "<group>";
		};
/* End PBXGroup section */

/* Begin PBXNativeTarget section */
		37C917111D9B1A1700F69AE2 /* B2B */ = {
			isa = PBXNativeTarget;
			buildConfigurationList = 37C917261D9B1A1700F69AE2 /* Build configuration list for PBXNativeTarget "B2B" */;
			buildPhases = (
				37C9170E1D9B1A1700F69AE2 /* Sources */,
				37C9170F1D9B1A1700F69AE2 /* Frameworks */,
				37C917101D9B1A1700F69AE2 /* Resources */,
			);
			buildRules = (
			);
			dependencies = (
			);
			name = B2B;
			productName = B2B;
			productReference = 37C917121D9B1A1700F69AE2 /* B2B.app */;
			productType = "com.apple.product-type.application";
		};
/* End PBXNativeTarget section */

/* Begin PBXProject section */
		37C9170A1D9B1A1700F69AE2 /* Project object */ = {
			isa = PBXProject;
			attributes = {
				LastSwiftUpdateCheck = 0730;
				LastUpgradeCheck = 0730;
				ORGANIZATIONNAME = nextu;
				TargetAttributes = {
					37C917111D9B1A1700F69AE2 = {
						CreatedOnToolsVersion = 7.3.1;
						DevelopmentTeam = ALVM8N53R4;
					};
				};
			};
			buildConfigurationList = 37C9170D1D9B1A1700F69AE2 /* Build configuration list for PBXProject "B2B" */;
			compatibilityVersion = "Xcode 3.2";
			developmentRegion = English;
			hasScannedForEncodings = 0;
			knownRegions = (
				en,
				Base,
			);
			mainGroup = 37C917091D9B1A1700F69AE2;
			productRefGroup = 37C917131D9B1A1700F69AE2 /* Products */;
			projectDirPath = "";
			projectRoot = "";
			targets = (
				37C917111D9B1A1700F69AE2 /* B2B */,
			);
		};
/* End PBXProject section */

/* Begin PBXResourcesBuildPhase section */
		37C917101D9B1A1700F69AE2 /* Resources */ = {
			isa = PBXResourcesBuildPhase;
			buildActionMask = 2147483647;
			files = (
				37C917221D9B1A1700F69AE2 /* LaunchScreen.storyboard in Resources */,
				37C9171F1D9B1A1700F69AE2 /* Assets.xcassets in Resources */,
				37C9171D1D9B1A1700F69AE2 /* Main.storyboard in Resources */,
			);
			runOnlyForDeploymentPostprocessing = 0;
		};
/* End PBXResourcesBuildPhase section */

/* Begin PBXSourcesBuildPhase section */
		37C9170E1D9B1A1700F69AE2 /* Sources */ = {
			isa = PBXSourcesBuildPhase;
			buildActionMask = 2147483647;
			files = (
				37C9172F1D9B1F1500F69AE2 /* User.swift in Sources */,
				37C9171A1D9B1A1700F69AE2 /* ClientViewController.swift in Sources */,
				37C917161D9B1A1700F69AE2 /* AppDelegate.swift in Sources */,
				37C917311D9B20D100F69AE2 /* Client.swift in Sources */,
				37C917181D9B1A1700F69AE2 /* UserViewController.swift in Sources */,
				376B982C1D9C324300241D99 /* NewClientViewController.swift in Sources */,
				37C917331D9B221100F69AE2 /* Product.swift in Sources */,
			);
			runOnlyForDeploymentPostprocessing = 0;
		};
/* End PBXSourcesBuildPhase section */

/* Begin PBXVariantGroup section */
		37C9171B1D9B1A1700F69AE2 /* Main.storyboard */ = {
			isa = PBXVariantGroup;
			children = (
				37C9171C1D9B1A1700F69AE2 /* Base */,
			);
			name = Main.storyboard;
			sourceTree = "<group>";
		};
		37C917201D9B1A1700F69AE2 /* LaunchScreen.storyboard */ = {
			isa = PBXVariantGroup;
			children = (
				37C917211D9B1A1700F69AE2 /* Base */,
			);
			name = LaunchScreen.storyboard;
			sourceTree = "<group>";
		};
/* End PBXVariantGroup section */

/* Begin XCBuildConfiguration section */
		37C917241D9B1A1700F69AE2 /* Debug */ = {
			isa = XCBuildConfiguration;
			buildSettings = {
				ALWAYS_SEARCH_USER_PATHS = NO;
				CLANG_ANALYZER_NONNULL = YES;
				CLANG_CXX_LANGUAGE_STANDARD = "gnu++0x";
				CLANG_CXX_LIBRARY = "libc++";
				CLANG_ENABLE_MODULES = YES;
				CLANG_ENABLE_OBJC_ARC = YES;
				CLANG_WARN_BOOL_CONVERSION = YES;
				CLANG_WARN_CONSTANT_CONVERSION = YES;
				CLANG_WARN_DIRECT_OBJC_ISA_USAGE = YES_ERROR;
				CLANG_WARN_EMPTY_BODY = YES;
				CLANG_WARN_ENUM_CONVERSION = YES;
				CLANG_WARN_INT_CONVERSION = YES;
				CLANG_WARN_OBJC_ROOT_CLASS = YES_ERROR;
				CLANG_WARN_UNREACHABLE_CODE = YES;
				CLANG_WARN__DUPLICATE_METHOD_MATCH = YES;
				"CODE_SIGN_IDENTITY[sdk=iphoneos*]" = "iPhone Developer";
				COPY_PHASE_STRIP = NO;
				DEBUG_INFORMATION_FORMAT = dwarf;
				ENABLE_STRICT_OBJC_MSGSEND = YES;
				ENABLE_TESTABILITY = YES;
				GCC_C_LANGUAGE_STANDARD = gnu99;
				GCC_DYNAMIC_NO_PIC = NO;
				GCC_NO_COMMON_BLOCKS = YES;
				GCC_OPTIMIZATION_LEVEL = 0;
				GCC_PREPROCESSOR_DEFINITIONS = (
					"DEBUG=1",
					"$(inherited)",
				);
				GCC_WARN_64_TO_32_BIT_CONVERSION = YES;
				GCC_WARN_ABOUT_RETURN_TYPE = YES_ERROR;
				GCC_WARN_UNDECLARED_SELECTOR = YES;
				GCC_WARN_UNINITIALIZED_AUTOS = YES_AGGRESSIVE;
				GCC_WARN_UNUSED_FUNCTION = YES;
				GCC_WARN_UNUSED_VARIABLE = YES;
				IPHONEOS_DEPLOYMENT_TARGET = 9.3;
				MTL_ENABLE_DEBUG_INFO = YES;
				ONLY_ACTIVE_ARCH = YES;
				SDKROOT = iphoneos;
				SWIFT_OPTIMIZATION_LEVEL = "-Onone";
				TARGETED_DEVICE_FAMILY = "1,2";
			};
			name = Debug;
		};
		37C917251D9B1A1700F69AE2 /* Release */ = {
			isa = XCBuildConfiguration;
			buildSettings = {
				ALWAYS_SEARCH_USER_PATHS = NO;
				CLANG_ANALYZER_NONNULL = YES;
				CLANG_CXX_LANGUAGE_STANDARD = "gnu++0x";
				CLANG_CXX_LIBRARY = "libc++";
				CLANG_ENABLE_MODULES = YES;
				CLANG_ENABLE_OBJC_ARC = YES;
				CLANG_WARN_BOOL_CONVERSION = YES;
				CLANG_WARN_CONSTANT_CONVERSION = YES;
				CLANG_WARN_DIRECT_OBJC_ISA_USAGE = YES_ERROR;
				CLANG_WARN_EMPTY_BODY = YES;
				CLANG_WARN_ENUM_CONVERSION = YES;
				CLANG_WARN_INT_CONVERSION = YES;
				CLANG_WARN_OBJC_ROOT_CLASS = YES_ERROR;
				CLANG_WARN_UNREACHABLE_CODE = YES;
				CLANG_WARN__DUPLICATE_METHOD_MATCH = YES;
				"CODE_SIGN_IDENTITY[sdk=iphoneos*]" = "iPhone Developer";
				COPY_PHASE_STRIP = NO;
				DEBUG_INFORMATION_FORMAT = "dwarf-with-dsym";
				ENABLE_NS_ASSERTIONS = NO;
				ENABLE_STRICT_OBJC_MSGSEND = YES;
				GCC_C_LANGUAGE_STANDARD = gnu99;
				GCC_NO_COMMON_BLOCKS = YES;
				GCC_WARN_64_TO_32_BIT_CONVERSION = YES;
				GCC_WARN_ABOUT_RETURN_TYPE = YES_ERROR;
				GCC_WARN_UNDECLARED_SELECTOR = YES;
				GCC_WARN_UNINITIALIZED_AUTOS = YES_AGGRESSIVE;
				GCC_WARN_UNUSED_FUNCTION = YES;
				GCC_WARN_UNUSED_VARIABLE = YES;
				IPHONEOS_DEPLOYMENT_TARGET = 9.3;
				MTL_ENABLE_DEBUG_INFO = NO;
				SDKROOT = iphoneos;
				TARGETED_DEVICE_FAMILY = "1,2";
				VALIDATE_PRODUCT = YES;
			};
			name = Release;
		};
		37C917271D9B1A1700F69AE2 /* Debug */ = {
			isa = XCBuildConfiguration;
			buildSettings = {
				ASSETCATALOG_COMPILER_APPICON_NAME = AppIcon;
				CODE_SIGN_IDENTITY = "iPhone Developer";
				"CODE_SIGN_IDENTITY[sdk=iphoneos*]" = "iPhone Developer";
				INFOPLIST_FILE = B2B/Info.plist;
				LD_RUNPATH_SEARCH_PATHS = "$(inherited) @executable_path/Frameworks";
				PRODUCT_BUNDLE_IDENTIFIER = com.nextu.B2B;
				PRODUCT_NAME = "$(TARGET_NAME)";
				PROVISIONING_PROFILE = "";
			};
			name = Debug;
		};
		37C917281D9B1A1700F69AE2 /* Release */ = {
			isa = XCBuildConfiguration;
			buildSettings = {
				ASSETCATALOG_COMPILER_APPICON_NAME = AppIcon;
				CODE_SIGN_IDENTITY = "iPhone Developer";
				"CODE_SIGN_IDENTITY[sdk=iphoneos*]" = "iPhone Developer";
				INFOPLIST_FILE = B2B/Info.plist;
				LD_RUNPATH_SEARCH_PATHS = "$(inherited) @executable_path/Frameworks";
				PRODUCT_BUNDLE_IDENTIFIER = com.nextu.B2B;
				PRODUCT_NAME = "$(TARGET_NAME)";
				PROVISIONING_PROFILE = "";
			};
			name = Release;
		};
/* End XCBuildConfiguration section */

/* Begin XCConfigurationList section */
		37C9170D1D9B1A1700F69AE2 /* Build configuration list for PBXProject "B2B" */ = {
			isa = XCConfigurationList;
			buildConfigurations = (
				37C917241D9B1A1700F69AE2 /* Debug */,
				37C917251D9B1A1700F69AE2 /* Release */,
			);
			defaultConfigurationIsVisible = 0;
			defaultConfigurationName = Release;
		};
		37C917261D9B1A1700F69AE2 /* Build configuration list for PBXNativeTarget "B2B" */ = {
			isa = XCConfigurationList;
			buildConfigurations = (
				37C917271D9B1A1700F69AE2 /* Debug */,
				37C917281D9B1A1700F69AE2 /* Release */,
			);
			defaultConfigurationIsVisible = 0;
			defaultConfigurationName = Release;
		};
/* End XCConfigurationList section */
	};
	rootObject = 37C9170A1D9B1A1700F69AE2 /* Project object */;
}
